// !$*UTF8*$!
{
	archiveVersion = 1;
	classes = {
	};
	objectVersion = 56;
	objects = {

/* Begin PBXBuildFile section */
		9512B3852BBD5E6500FB1B23 /* AddPortfolioView.swift in Sources */ = {isa = PBXBuildFile; fileRef = 9512B3842BBD5E6500FB1B23 /* AddPortfolioView.swift */; };
		9512B3872BBD9D4A00FB1B23 /* CoinPortfolioView.swift in Sources */ = {isa = PBXBuildFile; fileRef = 9512B3862BBD9D4A00FB1B23 /* CoinPortfolioView.swift */; };
		951DD4602BCB0EB80075DC07 /* DetailView.swift in Sources */ = {isa = PBXBuildFile; fileRef = 951DD45F2BCB0EB80075DC07 /* DetailView.swift */; };
		951DD4622BCC14950075DC07 /* CoinDetailModel.swift in Sources */ = {isa = PBXBuildFile; fileRef = 951DD4612BCC14950075DC07 /* CoinDetailModel.swift */; };
		951DD4642BCC14D70075DC07 /* String.swift in Sources */ = {isa = PBXBuildFile; fileRef = 951DD4632BCC14D70075DC07 /* String.swift */; };
		951DD4662BCC159E0075DC07 /* CoinDetailService.swift in Sources */ = {isa = PBXBuildFile; fileRef = 951DD4652BCC159E0075DC07 /* CoinDetailService.swift */; };
		951DD4682BCC19930075DC07 /* DetailViewModel.swift in Sources */ = {isa = PBXBuildFile; fileRef = 951DD4672BCC19930075DC07 /* DetailViewModel.swift */; };
		95833B702BA39B4500FA942D /* CryptoWatcherApp.swift in Sources */ = {isa = PBXBuildFile; fileRef = 95833B6F2BA39B4500FA942D /* CryptoWatcherApp.swift */; };
		95833B742BA39B4700FA942D /* Assets.xcassets in Resources */ = {isa = PBXBuildFile; fileRef = 95833B732BA39B4700FA942D /* Assets.xcassets */; };
		95833B772BA39B4700FA942D /* Preview Assets.xcassets in Resources */ = {isa = PBXBuildFile; fileRef = 95833B762BA39B4700FA942D /* Preview Assets.xcassets */; };
		95833B7F2BA39D9A00FA942D /* Color.swift in Sources */ = {isa = PBXBuildFile; fileRef = 95833B7E2BA39D9A00FA942D /* Color.swift */; };
		95833B832BA6130000FA942D /* HomeView.swift in Sources */ = {isa = PBXBuildFile; fileRef = 95833B822BA6130000FA942D /* HomeView.swift */; };
		95833B8A2BA615B300FA942D /* CircleButtonView.swift in Sources */ = {isa = PBXBuildFile; fileRef = 95833B892BA615B300FA942D /* CircleButtonView.swift */; };
		95833B912BA633FA00FA942D /* CoinModel.swift in Sources */ = {isa = PBXBuildFile; fileRef = 95833B902BA633FA00FA942D /* CoinModel.swift */; };
		95833B932BA63AC300FA942D /* PreviewProvider.swift in Sources */ = {isa = PBXBuildFile; fileRef = 95833B922BA63AC300FA942D /* PreviewProvider.swift */; };
		95833B952BA63ADD00FA942D /* CoinRowView.swift in Sources */ = {isa = PBXBuildFile; fileRef = 95833B942BA63ADD00FA942D /* CoinRowView.swift */; };
		95833B972BA6448E00FA942D /* Double.swift in Sources */ = {isa = PBXBuildFile; fileRef = 95833B962BA6448E00FA942D /* Double.swift */; };
		95833B992BA8A0C500FA942D /* HomeViewModel.swift in Sources */ = {isa = PBXBuildFile; fileRef = 95833B982BA8A0C500FA942D /* HomeViewModel.swift */; };
		95ABA2CD2BAA14930027073E /* CoinDataService.swift in Sources */ = {isa = PBXBuildFile; fileRef = 95ABA2CC2BAA14930027073E /* CoinDataService.swift */; };
		95ABA2D02BAB72190027073E /* NetworkingManager.swift in Sources */ = {isa = PBXBuildFile; fileRef = 95ABA2CF2BAB72190027073E /* NetworkingManager.swift */; };
		95DE8D802BC453B60012A810 /* PortfolioContainer.xcdatamodeld in Sources */ = {isa = PBXBuildFile; fileRef = 95DE8D7E2BC453B50012A810 /* PortfolioContainer.xcdatamodeld */; };
		95DE8D822BC45B5B0012A810 /* PortfolioDataService.swift in Sources */ = {isa = PBXBuildFile; fileRef = 95DE8D812BC45B5B0012A810 /* PortfolioDataService.swift */; };
		95FF34502BADFB9F008811C2 /* CoinImageViewModel.swift in Sources */ = {isa = PBXBuildFile; fileRef = 95FF344F2BADFB9F008811C2 /* CoinImageViewModel.swift */; };
		95FF34522BADFC7A008811C2 /* CoinImageService.swift in Sources */ = {isa = PBXBuildFile; fileRef = 95FF34512BADFC7A008811C2 /* CoinImageService.swift */; };
		95FF34542BAE02A2008811C2 /* CoinImageView.swift in Sources */ = {isa = PBXBuildFile; fileRef = 95FF34532BAE02A2008811C2 /* CoinImageView.swift */; };
		95FF34562BB15269008811C2 /* LocalFileManager.swift in Sources */ = {isa = PBXBuildFile; fileRef = 95FF34552BB15269008811C2 /* LocalFileManager.swift */; };
		95FF34582BB1A86E008811C2 /* PortfolioView.swift in Sources */ = {isa = PBXBuildFile; fileRef = 95FF34572BB1A86E008811C2 /* PortfolioView.swift */; };
		95FF345A2BB1AA5D008811C2 /* CurrenciesView.swift in Sources */ = {isa = PBXBuildFile; fileRef = 95FF34592BB1AA5D008811C2 /* CurrenciesView.swift */; };
		95FF345C2BB60B39008811C2 /* StatisticModel.swift in Sources */ = {isa = PBXBuildFile; fileRef = 95FF345B2BB60B39008811C2 /* StatisticModel.swift */; };
		95FF345E2BB6A126008811C2 /* StatisticView.swift in Sources */ = {isa = PBXBuildFile; fileRef = 95FF345D2BB6A126008811C2 /* StatisticView.swift */; };
		95FF34622BB6AA06008811C2 /* StatsView.swift in Sources */ = {isa = PBXBuildFile; fileRef = 95FF34612BB6AA06008811C2 /* StatsView.swift */; };
		95FF34682BB7295B008811C2 /* MarketDataService.swift in Sources */ = {isa = PBXBuildFile; fileRef = 95FF34672BB7295B008811C2 /* MarketDataService.swift */; };
		95FF346A2BB7460F008811C2 /* MarketDataModel.swift in Sources */ = {isa = PBXBuildFile; fileRef = 95FF34692BB7460F008811C2 /* MarketDataModel.swift */; };
/* End PBXBuildFile section */

/* Begin PBXFileReference section */
		9512B3842BBD5E6500FB1B23 /* AddPortfolioView.swift */ = {isa = PBXFileReference; lastKnownFileType = sourcecode.swift; path = AddPortfolioView.swift; sourceTree = "<group>"; };
		9512B3862BBD9D4A00FB1B23 /* CoinPortfolioView.swift */ = {isa = PBXFileReference; lastKnownFileType = sourcecode.swift; path = CoinPortfolioView.swift; sourceTree = "<group>"; };
		951DD45F2BCB0EB80075DC07 /* DetailView.swift */ = {isa = PBXFileReference; lastKnownFileType = sourcecode.swift; path = DetailView.swift; sourceTree = "<group>"; };
		951DD4612BCC14950075DC07 /* CoinDetailModel.swift */ = {isa = PBXFileReference; fileEncoding = 4; lastKnownFileType = sourcecode.swift; path = CoinDetailModel.swift; sourceTree = "<group>"; };
		951DD4632BCC14D70075DC07 /* String.swift */ = {isa = PBXFileReference; fileEncoding = 4; lastKnownFileType = sourcecode.swift; path = String.swift; sourceTree = "<group>"; };
		951DD4652BCC159E0075DC07 /* CoinDetailService.swift */ = {isa = PBXFileReference; lastKnownFileType = sourcecode.swift; path = CoinDetailService.swift; sourceTree = "<group>"; };
		951DD4672BCC19930075DC07 /* DetailViewModel.swift */ = {isa = PBXFileReference; lastKnownFileType = sourcecode.swift; path = DetailViewModel.swift; sourceTree = "<group>"; };
		95833B6C2BA39B4500FA942D /* CryptoWatcher.app */ = {isa = PBXFileReference; explicitFileType = wrapper.application; includeInIndex = 0; path = CryptoWatcher.app; sourceTree = BUILT_PRODUCTS_DIR; };
		95833B6F2BA39B4500FA942D /* CryptoWatcherApp.swift */ = {isa = PBXFileReference; lastKnownFileType = sourcecode.swift; path = CryptoWatcherApp.swift; sourceTree = "<group>"; };
		95833B732BA39B4700FA942D /* Assets.xcassets */ = {isa = PBXFileReference; lastKnownFileType = folder.assetcatalog; path = Assets.xcassets; sourceTree = "<group>"; };
		95833B762BA39B4700FA942D /* Preview Assets.xcassets */ = {isa = PBXFileReference; lastKnownFileType = folder.assetcatalog; path = "Preview Assets.xcassets"; sourceTree = "<group>"; };
		95833B7E2BA39D9A00FA942D /* Color.swift */ = {isa = PBXFileReference; lastKnownFileType = sourcecode.swift; path = Color.swift; sourceTree = "<group>"; };
		95833B822BA6130000FA942D /* HomeView.swift */ = {isa = PBXFileReference; lastKnownFileType = sourcecode.swift; path = HomeView.swift; sourceTree = "<group>"; };
		95833B892BA615B300FA942D /* CircleButtonView.swift */ = {isa = PBXFileReference; lastKnownFileType = sourcecode.swift; path = CircleButtonView.swift; sourceTree = "<group>"; };
		95833B902BA633FA00FA942D /* CoinModel.swift */ = {isa = PBXFileReference; lastKnownFileType = sourcecode.swift; path = CoinModel.swift; sourceTree = "<group>"; };
		95833B922BA63AC300FA942D /* PreviewProvider.swift */ = {isa = PBXFileReference; fileEncoding = 4; lastKnownFileType = sourcecode.swift; path = PreviewProvider.swift; sourceTree = "<group>"; };
		95833B942BA63ADD00FA942D /* CoinRowView.swift */ = {isa = PBXFileReference; lastKnownFileType = sourcecode.swift; path = CoinRowView.swift; sourceTree = "<group>"; };
		95833B962BA6448E00FA942D /* Double.swift */ = {isa = PBXFileReference; fileEncoding = 4; lastKnownFileType = sourcecode.swift; path = Double.swift; sourceTree = "<group>"; };
		95833B982BA8A0C500FA942D /* HomeViewModel.swift */ = {isa = PBXFileReference; lastKnownFileType = sourcecode.swift; path = HomeViewModel.swift; sourceTree = "<group>"; };
		95ABA2CC2BAA14930027073E /* CoinDataService.swift */ = {isa = PBXFileReference; lastKnownFileType = sourcecode.swift; path = CoinDataService.swift; sourceTree = "<group>"; };
		95ABA2CF2BAB72190027073E /* NetworkingManager.swift */ = {isa = PBXFileReference; lastKnownFileType = sourcecode.swift; path = NetworkingManager.swift; sourceTree = "<group>"; };
		95DE8D7F2BC453B60012A810 /* PortfolioContainer.xcdatamodel */ = {isa = PBXFileReference; lastKnownFileType = wrapper.xcdatamodel; path = PortfolioContainer.xcdatamodel; sourceTree = "<group>"; };
		95DE8D812BC45B5B0012A810 /* PortfolioDataService.swift */ = {isa = PBXFileReference; lastKnownFileType = sourcecode.swift; path = PortfolioDataService.swift; sourceTree = "<group>"; };
		95FF344F2BADFB9F008811C2 /* CoinImageViewModel.swift */ = {isa = PBXFileReference; lastKnownFileType = sourcecode.swift; path = CoinImageViewModel.swift; sourceTree = "<group>"; };
		95FF34512BADFC7A008811C2 /* CoinImageService.swift */ = {isa = PBXFileReference; lastKnownFileType = sourcecode.swift; path = CoinImageService.swift; sourceTree = "<group>"; };
		95FF34532BAE02A2008811C2 /* CoinImageView.swift */ = {isa = PBXFileReference; lastKnownFileType = sourcecode.swift; path = CoinImageView.swift; sourceTree = "<group>"; };
		95FF34552BB15269008811C2 /* LocalFileManager.swift */ = {isa = PBXFileReference; lastKnownFileType = sourcecode.swift; path = LocalFileManager.swift; sourceTree = "<group>"; };
		95FF34572BB1A86E008811C2 /* PortfolioView.swift */ = {isa = PBXFileReference; lastKnownFileType = sourcecode.swift; path = PortfolioView.swift; sourceTree = "<group>"; };
		95FF34592BB1AA5D008811C2 /* CurrenciesView.swift */ = {isa = PBXFileReference; lastKnownFileType = sourcecode.swift; path = CurrenciesView.swift; sourceTree = "<group>"; };
		95FF345B2BB60B39008811C2 /* StatisticModel.swift */ = {isa = PBXFileReference; lastKnownFileType = sourcecode.swift; path = StatisticModel.swift; sourceTree = "<group>"; };
		95FF345D2BB6A126008811C2 /* StatisticView.swift */ = {isa = PBXFileReference; lastKnownFileType = sourcecode.swift; path = StatisticView.swift; sourceTree = "<group>"; };
		95FF34612BB6AA06008811C2 /* StatsView.swift */ = {isa = PBXFileReference; lastKnownFileType = sourcecode.swift; path = StatsView.swift; sourceTree = "<group>"; };
		95FF34672BB7295B008811C2 /* MarketDataService.swift */ = {isa = PBXFileReference; lastKnownFileType = sourcecode.swift; path = MarketDataService.swift; sourceTree = "<group>"; };
		95FF34692BB7460F008811C2 /* MarketDataModel.swift */ = {isa = PBXFileReference; lastKnownFileType = sourcecode.swift; path = MarketDataModel.swift; sourceTree = "<group>"; };
/* End PBXFileReference section */

/* Begin PBXFrameworksBuildPhase section */
		95833B692BA39B4500FA942D /* Frameworks */ = {
			isa = PBXFrameworksBuildPhase;
			buildActionMask = 2147483647;
			files = (
			);
			runOnlyForDeploymentPostprocessing = 0;
		};
/* End PBXFrameworksBuildPhase section */

/* Begin PBXGroup section */
		951DD45C2BCB0E560075DC07 /* Detail */ = {
			isa = PBXGroup;
			children = (
				951DD45D2BCB0E960075DC07 /* ViewModels */,
				951DD45E2BCB0E9D0075DC07 /* Views */,
			);
			path = Detail;
			sourceTree = "<group>";
		};
		951DD45D2BCB0E960075DC07 /* ViewModels */ = {
			isa = PBXGroup;
			children = (
				951DD4672BCC19930075DC07 /* DetailViewModel.swift */,
			);
			path = ViewModels;
			sourceTree = "<group>";
		};
		951DD45E2BCB0E9D0075DC07 /* Views */ = {
			isa = PBXGroup;
			children = (
				951DD45F2BCB0EB80075DC07 /* DetailView.swift */,
			);
			path = Views;
			sourceTree = "<group>";
		};
		95833B632BA39B4500FA942D = {
			isa = PBXGroup;
			children = (
				95833B6F2BA39B4500FA942D /* CryptoWatcherApp.swift */,
				95833B6E2BA39B4500FA942D /* CryptoWatcher */,
				95833B6D2BA39B4500FA942D /* Products */,
			);
			sourceTree = "<group>";
		};
		95833B6D2BA39B4500FA942D /* Products */ = {
			isa = PBXGroup;
			children = (
				95833B6C2BA39B4500FA942D /* CryptoWatcher.app */,
			);
			name = Products;
			sourceTree = "<group>";
		};
		95833B6E2BA39B4500FA942D /* CryptoWatcher */ = {
			isa = PBXGroup;
			children = (
				95833B7D2BA39D8300FA942D /* Extensions */,
				95ABA2CE2BAB71FE0027073E /* Utilities */,
				95ABA2CB2BAA147D0027073E /* Services */,
				95833B8B2BA6336200FA942D /* Models */,
				95833B802BA612D300FA942D /* Core */,
				95833B732BA39B4700FA942D /* Assets.xcassets */,
				95833B752BA39B4700FA942D /* Preview Content */,
			);
			path = CryptoWatcher;
			sourceTree = "<group>";
		};
		95833B752BA39B4700FA942D /* Preview Content */ = {
			isa = PBXGroup;
			children = (
				95833B762BA39B4700FA942D /* Preview Assets.xcassets */,
			);
			path = "Preview Content";
			sourceTree = "<group>";
		};
		95833B7D2BA39D8300FA942D /* Extensions */ = {
			isa = PBXGroup;
			children = (
				95833B7E2BA39D9A00FA942D /* Color.swift */,
				95833B962BA6448E00FA942D /* Double.swift */,
				951DD4632BCC14D70075DC07 /* String.swift */,
				95833B922BA63AC300FA942D /* PreviewProvider.swift */,
			);
			path = Extensions;
			sourceTree = "<group>";
		};
		95833B802BA612D300FA942D /* Core */ = {
			isa = PBXGroup;
			children = (
				95833B862BA6152800FA942D /* Components */,
				95833B812BA612D900FA942D /* Home */,
				951DD45C2BCB0E560075DC07 /* Detail */,
			);
			path = Core;
			sourceTree = "<group>";
		};
		95833B812BA612D900FA942D /* Home */ = {
			isa = PBXGroup;
			children = (
				95833B852BA6131C00FA942D /* ViewModels */,
				95833B842BA6131000FA942D /* Views */,
			);
			path = Home;
			sourceTree = "<group>";
		};
		95833B842BA6131000FA942D /* Views */ = {
			isa = PBXGroup;
			children = (
				95833B822BA6130000FA942D /* HomeView.swift */,
				95833B942BA63ADD00FA942D /* CoinRowView.swift */,
				95FF34572BB1A86E008811C2 /* PortfolioView.swift */,
				95FF34592BB1AA5D008811C2 /* CurrenciesView.swift */,
				95FF34612BB6AA06008811C2 /* StatsView.swift */,
				9512B3842BBD5E6500FB1B23 /* AddPortfolioView.swift */,
			);
			path = Views;
			sourceTree = "<group>";
		};
		95833B852BA6131C00FA942D /* ViewModels */ = {
			isa = PBXGroup;
			children = (
				95833B982BA8A0C500FA942D /* HomeViewModel.swift */,
				95FF344F2BADFB9F008811C2 /* CoinImageViewModel.swift */,
			);
			path = ViewModels;
			sourceTree = "<group>";
		};
		95833B862BA6152800FA942D /* Components */ = {
			isa = PBXGroup;
			children = (
				95FF34532BAE02A2008811C2 /* CoinImageView.swift */,
				95833B892BA615B300FA942D /* CircleButtonView.swift */,
				95FF345D2BB6A126008811C2 /* StatisticView.swift */,
				9512B3862BBD9D4A00FB1B23 /* CoinPortfolioView.swift */,
			);
			path = Components;
			sourceTree = "<group>";
		};
		95833B8B2BA6336200FA942D /* Models */ = {
			isa = PBXGroup;
			children = (
				95833B902BA633FA00FA942D /* CoinModel.swift */,
				951DD4612BCC14950075DC07 /* CoinDetailModel.swift */,
				95FF345B2BB60B39008811C2 /* StatisticModel.swift */,
				95FF34692BB7460F008811C2 /* MarketDataModel.swift */,
				95DE8D7E2BC453B50012A810 /* PortfolioContainer.xcdatamodeld */,
			);
			path = Models;
			sourceTree = "<group>";
		};
		95ABA2CB2BAA147D0027073E /* Services */ = {
			isa = PBXGroup;
			children = (
				95ABA2CC2BAA14930027073E /* CoinDataService.swift */,
				951DD4652BCC159E0075DC07 /* CoinDetailService.swift */,
				95FF34512BADFC7A008811C2 /* CoinImageService.swift */,
				95FF34672BB7295B008811C2 /* MarketDataService.swift */,
				95DE8D812BC45B5B0012A810 /* PortfolioDataService.swift */,
			);
			path = Services;
			sourceTree = "<group>";
		};
		95ABA2CE2BAB71FE0027073E /* Utilities */ = {
			isa = PBXGroup;
			children = (
				95ABA2CF2BAB72190027073E /* NetworkingManager.swift */,
				95FF34552BB15269008811C2 /* LocalFileManager.swift */,
			);
			path = Utilities;
			sourceTree = "<group>";
		};
/* End PBXGroup section */

/* Begin PBXNativeTarget section */
		95833B6B2BA39B4500FA942D /* CryptoWatcher */ = {
			isa = PBXNativeTarget;
			buildConfigurationList = 95833B7A2BA39B4700FA942D /* Build configuration list for PBXNativeTarget "CryptoWatcher" */;
			buildPhases = (
				95833B682BA39B4500FA942D /* Sources */,
				95833B692BA39B4500FA942D /* Frameworks */,
				95833B6A2BA39B4500FA942D /* Resources */,
			);
			buildRules = (
			);
			dependencies = (
			);
			name = CryptoWatcher;
			productName = CryptoWatcher;
			productReference = 95833B6C2BA39B4500FA942D /* CryptoWatcher.app */;
			productType = "com.apple.product-type.application";
		};
/* End PBXNativeTarget section */

/* Begin PBXProject section */
		95833B642BA39B4500FA942D /* Project object */ = {
			isa = PBXProject;
			attributes = {
				BuildIndependentTargetsInParallel = 1;
				LastSwiftUpdateCheck = 1530;
				LastUpgradeCheck = 1530;
				TargetAttributes = {
					95833B6B2BA39B4500FA942D = {
						CreatedOnToolsVersion = 15.3;
					};
				};
			};
			buildConfigurationList = 95833B672BA39B4500FA942D /* Build configuration list for PBXProject "CryptoWatcher" */;
			compatibilityVersion = "Xcode 14.0";
			developmentRegion = en;
			hasScannedForEncodings = 0;
			knownRegions = (
				en,
				Base,
			);
			mainGroup = 95833B632BA39B4500FA942D;
			productRefGroup = 95833B6D2BA39B4500FA942D /* Products */;
			projectDirPath = "";
			projectRoot = "";
			targets = (
				95833B6B2BA39B4500FA942D /* CryptoWatcher */,
			);
		};
/* End PBXProject section */

/* Begin PBXResourcesBuildPhase section */
		95833B6A2BA39B4500FA942D /* Resources */ = {
			isa = PBXResourcesBuildPhase;
			buildActionMask = 2147483647;
			files = (
				95833B772BA39B4700FA942D /* Preview Assets.xcassets in Resources */,
				95833B742BA39B4700FA942D /* Assets.xcassets in Resources */,
			);
			runOnlyForDeploymentPostprocessing = 0;
		};
/* End PBXResourcesBuildPhase section */

/* Begin PBXSourcesBuildPhase section */
		95833B682BA39B4500FA942D /* Sources */ = {
			isa = PBXSourcesBuildPhase;
			buildActionMask = 2147483647;
			files = (
				951DD4642BCC14D70075DC07 /* String.swift in Sources */,
				95833B912BA633FA00FA942D /* CoinModel.swift in Sources */,
				95833B992BA8A0C500FA942D /* HomeViewModel.swift in Sources */,
				95FF34562BB15269008811C2 /* LocalFileManager.swift in Sources */,
				95833B932BA63AC300FA942D /* PreviewProvider.swift in Sources */,
				9512B3872BBD9D4A00FB1B23 /* CoinPortfolioView.swift in Sources */,
				9512B3852BBD5E6500FB1B23 /* AddPortfolioView.swift in Sources */,
				95FF34622BB6AA06008811C2 /* StatsView.swift in Sources */,
				95FF345A2BB1AA5D008811C2 /* CurrenciesView.swift in Sources */,
				95DE8D802BC453B60012A810 /* PortfolioContainer.xcdatamodeld in Sources */,
				951DD4622BCC14950075DC07 /* CoinDetailModel.swift in Sources */,
				95FF346A2BB7460F008811C2 /* MarketDataModel.swift in Sources */,
				95DE8D822BC45B5B0012A810 /* PortfolioDataService.swift in Sources */,
				951DD4682BCC19930075DC07 /* DetailViewModel.swift in Sources */,
				951DD4662BCC159E0075DC07 /* CoinDetailService.swift in Sources */,
				95FF34502BADFB9F008811C2 /* CoinImageViewModel.swift in Sources */,
				95833B972BA6448E00FA942D /* Double.swift in Sources */,
				95FF34542BAE02A2008811C2 /* CoinImageView.swift in Sources */,
				95FF34582BB1A86E008811C2 /* PortfolioView.swift in Sources */,
				95833B832BA6130000FA942D /* HomeView.swift in Sources */,
				95833B702BA39B4500FA942D /* CryptoWatcherApp.swift in Sources */,
				95833B8A2BA615B300FA942D /* CircleButtonView.swift in Sources */,
				95ABA2D02BAB72190027073E /* NetworkingManager.swift in Sources */,
				951DD4602BCB0EB80075DC07 /* DetailView.swift in Sources */,
				95FF345E2BB6A126008811C2 /* StatisticView.swift in Sources */,
				95FF34522BADFC7A008811C2 /* CoinImageService.swift in Sources */,
				95FF34682BB7295B008811C2 /* MarketDataService.swift in Sources */,
				95833B952BA63ADD00FA942D /* CoinRowView.swift in Sources */,
				95ABA2CD2BAA14930027073E /* CoinDataService.swift in Sources */,
				95FF345C2BB60B39008811C2 /* StatisticModel.swift in Sources */,
				95833B7F2BA39D9A00FA942D /* Color.swift in Sources */,
			);
			runOnlyForDeploymentPostprocessing = 0;
		};
/* End PBXSourcesBuildPhase section */

/* Begin XCBuildConfiguration section */
		95833B782BA39B4700FA942D /* Debug */ = {
			isa = XCBuildConfiguration;
			buildSettings = {
				ALWAYS_SEARCH_USER_PATHS = NO;
				ASSETCATALOG_COMPILER_GENERATE_SWIFT_ASSET_SYMBOL_EXTENSIONS = YES;
				CLANG_ANALYZER_NONNULL = YES;
				CLANG_ANALYZER_NUMBER_OBJECT_CONVERSION = YES_AGGRESSIVE;
				CLANG_CXX_LANGUAGE_STANDARD = "gnu++20";
				CLANG_ENABLE_MODULES = YES;
				CLANG_ENABLE_OBJC_ARC = YES;
				CLANG_ENABLE_OBJC_WEAK = YES;
				CLANG_WARN_BLOCK_CAPTURE_AUTORELEASING = YES;
				CLANG_WARN_BOOL_CONVERSION = YES;
				CLANG_WARN_COMMA = YES;
				CLANG_WARN_CONSTANT_CONVERSION = YES;
				CLANG_WARN_DEPRECATED_OBJC_IMPLEMENTATIONS = YES;
				CLANG_WARN_DIRECT_OBJC_ISA_USAGE = YES_ERROR;
				CLANG_WARN_DOCUMENTATION_COMMENTS = YES;
				CLANG_WARN_EMPTY_BODY = YES;
				CLANG_WARN_ENUM_CONVERSION = YES;
				CLANG_WARN_INFINITE_RECURSION = YES;
				CLANG_WARN_INT_CONVERSION = YES;
				CLANG_WARN_NON_LITERAL_NULL_CONVERSION = YES;
				CLANG_WARN_OBJC_IMPLICIT_RETAIN_SELF = YES;
				CLANG_WARN_OBJC_LITERAL_CONVERSION = YES;
				CLANG_WARN_OBJC_ROOT_CLASS = YES_ERROR;
				CLANG_WARN_QUOTED_INCLUDE_IN_FRAMEWORK_HEADER = YES;
				CLANG_WARN_RANGE_LOOP_ANALYSIS = YES;
				CLANG_WARN_STRICT_PROTOTYPES = YES;
				CLANG_WARN_SUSPICIOUS_MOVE = YES;
				CLANG_WARN_UNGUARDED_AVAILABILITY = YES_AGGRESSIVE;
				CLANG_WARN_UNREACHABLE_CODE = YES;
				CLANG_WARN__DUPLICATE_METHOD_MATCH = YES;
				COPY_PHASE_STRIP = NO;
				DEBUG_INFORMATION_FORMAT = dwarf;
				ENABLE_STRICT_OBJC_MSGSEND = YES;
				ENABLE_TESTABILITY = YES;
				ENABLE_USER_SCRIPT_SANDBOXING = YES;
				GCC_C_LANGUAGE_STANDARD = gnu17;
				GCC_DYNAMIC_NO_PIC = NO;
				GCC_NO_COMMON_BLOCKS = YES;
				GCC_OPTIMIZATION_LEVEL = 0;
				GCC_PREPROCESSOR_DEFINITIONS = (
					"DEBUG=1",
					"$(inherited)",
				);
				GCC_WARN_64_TO_32_BIT_CONVERSION = YES;
				GCC_WARN_ABOUT_RETURN_TYPE = YES_ERROR;
				GCC_WARN_UNDECLARED_SELECTOR = YES;
				GCC_WARN_UNINITIALIZED_AUTOS = YES_AGGRESSIVE;
				GCC_WARN_UNUSED_FUNCTION = YES;
				GCC_WARN_UNUSED_VARIABLE = YES;
				IPHONEOS_DEPLOYMENT_TARGET = 17.4;
				LOCALIZATION_PREFERS_STRING_CATALOGS = YES;
				MTL_ENABLE_DEBUG_INFO = INCLUDE_SOURCE;
				MTL_FAST_MATH = YES;
				ONLY_ACTIVE_ARCH = YES;
				SDKROOT = iphoneos;
				SWIFT_ACTIVE_COMPILATION_CONDITIONS = "DEBUG $(inherited)";
				SWIFT_OPTIMIZATION_LEVEL = "-Onone";
			};
			name = Debug;
		};
		95833B792BA39B4700FA942D /* Release */ = {
			isa = XCBuildConfiguration;
			buildSettings = {
				ALWAYS_SEARCH_USER_PATHS = NO;
				ASSETCATALOG_COMPILER_GENERATE_SWIFT_ASSET_SYMBOL_EXTENSIONS = YES;
				CLANG_ANALYZER_NONNULL = YES;
				CLANG_ANALYZER_NUMBER_OBJECT_CONVERSION = YES_AGGRESSIVE;
				CLANG_CXX_LANGUAGE_STANDARD = "gnu++20";
				CLANG_ENABLE_MODULES = YES;
				CLANG_ENABLE_OBJC_ARC = YES;
				CLANG_ENABLE_OBJC_WEAK = YES;
				CLANG_WARN_BLOCK_CAPTURE_AUTORELEASING = YES;
				CLANG_WARN_BOOL_CONVERSION = YES;
				CLANG_WARN_COMMA = YES;
				CLANG_WARN_CONSTANT_CONVERSION = YES;
				CLANG_WARN_DEPRECATED_OBJC_IMPLEMENTATIONS = YES;
				CLANG_WARN_DIRECT_OBJC_ISA_USAGE = YES_ERROR;
				CLANG_WARN_DOCUMENTATION_COMMENTS = YES;
				CLANG_WARN_EMPTY_BODY = YES;
				CLANG_WARN_ENUM_CONVERSION = YES;
				CLANG_WARN_INFINITE_RECURSION = YES;
				CLANG_WARN_INT_CONVERSION = YES;
				CLANG_WARN_NON_LITERAL_NULL_CONVERSION = YES;
				CLANG_WARN_OBJC_IMPLICIT_RETAIN_SELF = YES;
				CLANG_WARN_OBJC_LITERAL_CONVERSION = YES;
				CLANG_WARN_OBJC_ROOT_CLASS = YES_ERROR;
				CLANG_WARN_QUOTED_INCLUDE_IN_FRAMEWORK_HEADER = YES;
				CLANG_WARN_RANGE_LOOP_ANALYSIS = YES;
				CLANG_WARN_STRICT_PROTOTYPES = YES;
				CLANG_WARN_SUSPICIOUS_MOVE = YES;
				CLANG_WARN_UNGUARDED_AVAILABILITY = YES_AGGRESSIVE;
				CLANG_WARN_UNREACHABLE_CODE = YES;
				CLANG_WARN__DUPLICATE_METHOD_MATCH = YES;
				COPY_PHASE_STRIP = NO;
				DEBUG_INFORMATION_FORMAT = "dwarf-with-dsym";
				ENABLE_NS_ASSERTIONS = NO;
				ENABLE_STRICT_OBJC_MSGSEND = YES;
				ENABLE_USER_SCRIPT_SANDBOXING = YES;
				GCC_C_LANGUAGE_STANDARD = gnu17;
				GCC_NO_COMMON_BLOCKS = YES;
				GCC_WARN_64_TO_32_BIT_CONVERSION = YES;
				GCC_WARN_ABOUT_RETURN_TYPE = YES_ERROR;
				GCC_WARN_UNDECLARED_SELECTOR = YES;
				GCC_WARN_UNINITIALIZED_AUTOS = YES_AGGRESSIVE;
				GCC_WARN_UNUSED_FUNCTION = YES;
				GCC_WARN_UNUSED_VARIABLE = YES;
				IPHONEOS_DEPLOYMENT_TARGET = 17.4;
				LOCALIZATION_PREFERS_STRING_CATALOGS = YES;
				MTL_ENABLE_DEBUG_INFO = NO;
				MTL_FAST_MATH = YES;
				SDKROOT = iphoneos;
				SWIFT_COMPILATION_MODE = wholemodule;
				VALIDATE_PRODUCT = YES;
			};
			name = Release;
		};
		95833B7B2BA39B4700FA942D /* Debug */ = {
			isa = XCBuildConfiguration;
			buildSettings = {
				ASSETCATALOG_COMPILER_APPICON_NAME = AppIcon;
				ASSETCATALOG_COMPILER_GLOBAL_ACCENT_COLOR_NAME = AccentColor;
				CODE_SIGN_STYLE = Automatic;
				CURRENT_PROJECT_VERSION = 1;
				DEVELOPMENT_ASSET_PATHS = "\"CryptoWatcher/Preview Content\"";
				DEVELOPMENT_TEAM = 54TJX62543;
				ENABLE_PREVIEWS = YES;
				GENERATE_INFOPLIST_FILE = YES;
				INFOPLIST_KEY_CFBundleDisplayName = "Crypto Watch";
				INFOPLIST_KEY_UIApplicationSceneManifest_Generation = YES;
				INFOPLIST_KEY_UIApplicationSupportsIndirectInputEvents = YES;
				INFOPLIST_KEY_UILaunchScreen_Generation = YES;
				INFOPLIST_KEY_UISupportedInterfaceOrientations = UIInterfaceOrientationPortrait;
				LD_RUNPATH_SEARCH_PATHS = (
					"$(inherited)",
					"@executable_path/Frameworks",
				);
				MARKETING_VERSION = 1.0;
				PRODUCT_BUNDLE_IDENTIFIER = com.homitdalia.CryptoWatcher;
				PRODUCT_NAME = "$(TARGET_NAME)";
				SWIFT_EMIT_LOC_STRINGS = YES;
				SWIFT_VERSION = 5.0;
				TARGETED_DEVICE_FAMILY = "1,2";
			};
			name = Debug;
		};
		95833B7C2BA39B4700FA942D /* Release */ = {
			isa = XCBuildConfiguration;
			buildSettings = {
				ASSETCATALOG_COMPILER_APPICON_NAME = AppIcon;
				ASSETCATALOG_COMPILER_GLOBAL_ACCENT_COLOR_NAME = AccentColor;
				CODE_SIGN_STYLE = Automatic;
				CURRENT_PROJECT_VERSION = 1;
				DEVELOPMENT_ASSET_PATHS = "\"CryptoWatcher/Preview Content\"";
				DEVELOPMENT_TEAM = 54TJX62543;
				ENABLE_PREVIEWS = YES;
				GENERATE_INFOPLIST_FILE = YES;
				INFOPLIST_KEY_CFBundleDisplayName = "Crypto Watch";
				INFOPLIST_KEY_UIApplicationSceneManifest_Generation = YES;
				INFOPLIST_KEY_UIApplicationSupportsIndirectInputEvents = YES;
				INFOPLIST_KEY_UILaunchScreen_Generation = YES;
				INFOPLIST_KEY_UISupportedInterfaceOrientations = UIInterfaceOrientationPortrait;
				LD_RUNPATH_SEARCH_PATHS = (
					"$(inherited)",
					"@executable_path/Frameworks",
				);
				MARKETING_VERSION = 1.0;
				PRODUCT_BUNDLE_IDENTIFIER = com.homitdalia.CryptoWatcher;
				PRODUCT_NAME = "$(TARGET_NAME)";
				SWIFT_EMIT_LOC_STRINGS = YES;
				SWIFT_VERSION = 5.0;
				TARGETED_DEVICE_FAMILY = "1,2";
			};
			name = Release;
		};
/* End XCBuildConfiguration section */

/* Begin XCConfigurationList section */
		95833B672BA39B4500FA942D /* Build configuration list for PBXProject "CryptoWatcher" */ = {
			isa = XCConfigurationList;
			buildConfigurations = (
				95833B782BA39B4700FA942D /* Debug */,
				95833B792BA39B4700FA942D /* Release */,
			);
			defaultConfigurationIsVisible = 0;
			defaultConfigurationName = Release;
		};
		95833B7A2BA39B4700FA942D /* Build configuration list for PBXNativeTarget "CryptoWatcher" */ = {
			isa = XCConfigurationList;
			buildConfigurations = (
				95833B7B2BA39B4700FA942D /* Debug */,
				95833B7C2BA39B4700FA942D /* Release */,
			);
			defaultConfigurationIsVisible = 0;
			defaultConfigurationName = Release;
		};
/* End XCConfigurationList section */

/* Begin XCVersionGroup section */
		95DE8D7E2BC453B50012A810 /* PortfolioContainer.xcdatamodeld */ = {
			isa = XCVersionGroup;
			children = (
				95DE8D7F2BC453B60012A810 /* PortfolioContainer.xcdatamodel */,
			);
			currentVersion = 95DE8D7F2BC453B60012A810 /* PortfolioContainer.xcdatamodel */;
			name = PortfolioContainer.xcdatamodeld;
			path = "/Users/homitdalia/Documents/Repos/iOS-learning-curve/CryptoWatcher/CryptoWatcher/Models/PortfolioContainer.xcdatamodeld";
			sourceTree = "<group>";
			versionGroupType = wrapper.xcdatamodel;
		};
/* End XCVersionGroup section */
	};
	rootObject = 95833B642BA39B4500FA942D /* Project object */;
}
